
Microsoft Visual Studio Solution File, Format Version 12.00
# Visual Studio Version 17
VisualStudioVersion = 17.0.32112.339
MinimumVisualStudioVersion = 10.0.40219.1
Project("{FAE04EC0-301F-11D3-BF4B-00C04F79EFBC}") = "EmployeeWebService", "EmployeeWebService\EmployeeWebService.csproj", "{ADE2A7B8-DC68-4A61-BA23-3740D3C177C6}"
EndProject
Project("{FAE04EC0-301F-11D3-BF4B-00C04F79EFBC}") = "EmployeeWebService.Domain", "EmployeeWebService.Domain\EmployeeWebService.Domain.csproj", "{1C062E3D-999D-44CE-A61B-8E6C6C6EC692}"
EndProject
Project("{FAE04EC0-301F-11D3-BF4B-00C04F79EFBC}") = "EmployeeWebService.DataAccess.Dapper", "EmployeeWebService.DataAccess.Dapper\EmployeeWebService.DataAccess.Dapper.csproj", "{FA1BE227-EDB0-4921-A499-9BC979CBBC79}"
EndProject
Project("{FAE04EC0-301F-11D3-BF4B-00C04F79EFBC}") = "EmployeeWebService.Services", "EmployeeWebService.Services\EmployeeWebService.Services.csproj", "{9F7E6883-CB6F-40C9-8DDE-154F11E707B4}"
EndProject
Global
	GlobalSection(SolutionConfigurationPlatforms) = preSolution
		Debug|Any CPU = Debug|Any CPU
		Release|Any CPU = Release|Any CPU
	EndGlobalSection
	GlobalSection(ProjectConfigurationPlatforms) = postSolution
		{ADE2A7B8-DC68-4A61-BA23-3740D3C177C6}.Debug|Any CPU.ActiveCfg = Debug|Any CPU
		{ADE2A7B8-DC68-4A61-BA23-3740D3C177C6}.Debug|Any CPU.Build.0 = Debug|Any CPU
		{ADE2A7B8-DC68-4A61-BA23-3740D3C177C6}.Release|Any CPU.ActiveCfg = Release|Any CPU
		{ADE2A7B8-DC68-4A61-BA23-3740D3C177C6}.Release|Any CPU.Build.0 = Release|Any CPU
		{1C062E3D-999D-44CE-A61B-8E6C6C6EC692}.Debug|Any CPU.ActiveCfg = Debug|Any CPU
		{1C062E3D-999D-44CE-A61B-8E6C6C6EC692}.Debug|Any CPU.Build.0 = Debug|Any CPU
		{1C062E3D-999D-44CE-A61B-8E6C6C6EC692}.Release|Any CPU.ActiveCfg = Release|Any CPU
		{1C062E3D-999D-44CE-A61B-8E6C6C6EC692}.Release|Any CPU.Build.0 = Release|Any CPU
		{FA1BE227-EDB0-4921-A499-9BC979CBBC79}.Debug|Any CPU.ActiveCfg = Debug|Any CPU
		{FA1BE227-EDB0-4921-A499-9BC979CBBC79}.Debug|Any CPU.Build.0 = Debug|Any CPU
		{FA1BE227-EDB0-4921-A499-9BC979CBBC79}.Release|Any CPU.ActiveCfg = Release|Any CPU
		{FA1BE227-EDB0-4921-A499-9BC979CBBC79}.Release|Any CPU.Build.0 = Release|Any CPU
		{9F7E6883-CB6F-40C9-8DDE-154F11E707B4}.Debug|Any CPU.ActiveCfg = Debug|Any CPU
		{9F7E6883-CB6F-40C9-8DDE-154F11E707B4}.Debug|Any CPU.Build.0 = Debug|Any CPU
		{9F7E6883-CB6F-40C9-8DDE-154F11E707B4}.Release|Any CPU.ActiveCfg = Release|Any CPU
		{9F7E6883-CB6F-40C9-8DDE-154F11E707B4}.Release|Any CPU.Build.0 = Release|Any CPU
	EndGlobalSection
	GlobalSection(SolutionProperties) = preSolution
		HideSolutionNode = FALSE
	EndGlobalSection
	GlobalSection(ExtensibilityGlobals) = postSolution
		SolutionGuid = {7718C790-120A-4F0E-BD22-CAA591A91761}
	EndGlobalSection
EndGlobal
